
Microsoft Visual Studio Solution File, Format Version 12.00
# Visual Studio Version 17
VisualStudioVersion = 17.10.34928.147
MinimumVisualStudioVersion = 10.0.40219.1
Project("{9A19103F-16F7-4668-BE54-9A1E7A4F7556}") = "BusinessLayer", "BusinessLayer\BusinessLayer.csproj", "{BCAE134A-6641-4977-9694-CD94A6F3D6A9}"
EndProject
Project("{9A19103F-16F7-4668-BE54-9A1E7A4F7556}") = "DataLayer", "DataLayer\DataLayer.csproj", "{30423D6E-D1F2-4099-A3D7-EDAF5E4A8B2F}"
EndProject
Project("{FAE04EC0-301F-11D3-BF4B-00C04F79EFBC}") = "SWD392_SportShop", "SWD392_SportShop\SWD392_SportShop.csproj", "{D1FE24A2-47AE-4B20-AE66-5CF1DE80D425}"
EndProject
Global
	GlobalSection(SolutionConfigurationPlatforms) = preSolution
		Debug|Any CPU = Debug|Any CPU
		Release|Any CPU = Release|Any CPU
	EndGlobalSection
	GlobalSection(ProjectConfigurationPlatforms) = postSolution
		{BCAE134A-6641-4977-9694-CD94A6F3D6A9}.Debug|Any CPU.ActiveCfg = Debug|Any CPU
		{BCAE134A-6641-4977-9694-CD94A6F3D6A9}.Debug|Any CPU.Build.0 = Debug|Any CPU
		{BCAE134A-6641-4977-9694-CD94A6F3D6A9}.Release|Any CPU.ActiveCfg = Release|Any CPU
		{BCAE134A-6641-4977-9694-CD94A6F3D6A9}.Release|Any CPU.Build.0 = Release|Any CPU
		{30423D6E-D1F2-4099-A3D7-EDAF5E4A8B2F}.Debug|Any CPU.ActiveCfg = Debug|Any CPU
		{30423D6E-D1F2-4099-A3D7-EDAF5E4A8B2F}.Debug|Any CPU.Build.0 = Debug|Any CPU
		{30423D6E-D1F2-4099-A3D7-EDAF5E4A8B2F}.Release|Any CPU.ActiveCfg = Release|Any CPU
		{30423D6E-D1F2-4099-A3D7-EDAF5E4A8B2F}.Release|Any CPU.Build.0 = Release|Any CPU
		{D1FE24A2-47AE-4B20-AE66-5CF1DE80D425}.Debug|Any CPU.ActiveCfg = Debug|Any CPU
		{D1FE24A2-47AE-4B20-AE66-5CF1DE80D425}.Debug|Any CPU.Build.0 = Debug|Any CPU
		{D1FE24A2-47AE-4B20-AE66-5CF1DE80D425}.Release|Any CPU.ActiveCfg = Release|Any CPU
		{D1FE24A2-47AE-4B20-AE66-5CF1DE80D425}.Release|Any CPU.Build.0 = Release|Any CPU
	EndGlobalSection
	GlobalSection(SolutionProperties) = preSolution
		HideSolutionNode = FALSE
	EndGlobalSection
	GlobalSection(ExtensibilityGlobals) = postSolution
		SolutionGuid = {94EBADC8-BD08-485B-98E1-0C01F2FB5634}
	EndGlobalSection
EndGlobal
