
Microsoft Visual Studio Solution File, Format Version 12.00
# Visual Studio Version 17
VisualStudioVersion = 17.10.34928.147
MinimumVisualStudioVersion = 10.0.40219.1
Project("{FAE04EC0-301F-11D3-BF4B-00C04F79EFBC}") = "SWD392_FA24_SportShop", "SWD392_FA24_SportShop\SWD392_FA24_SportShop.csproj", "{527D2B3D-EAD2-47DC-92E3-794D641061C8}"
EndProject
Project("{FAE04EC0-301F-11D3-BF4B-00C04F79EFBC}") = "BusinessLayer", "BusinessLayer\BusinessLayer.csproj", "{BCAE134A-6641-4977-9694-CD94A6F3D6A9}"
EndProject
Project("{FAE04EC0-301F-11D3-BF4B-00C04F79EFBC}") = "DataLayer", "DataLayer\DataLayer.csproj", "{30423D6E-D1F2-4099-A3D7-EDAF5E4A8B2F}"
EndProject
Global
	GlobalSection(SolutionConfigurationPlatforms) = preSolution
		Debug|Any CPU = Debug|Any CPU
		Release|Any CPU = Release|Any CPU
	EndGlobalSection
	GlobalSection(ProjectConfigurationPlatforms) = postSolution
		{527D2B3D-EAD2-47DC-92E3-794D641061C8}.Debug|Any CPU.ActiveCfg = Debug|Any CPU
		{527D2B3D-EAD2-47DC-92E3-794D641061C8}.Debug|Any CPU.Build.0 = Debug|Any CPU
		{527D2B3D-EAD2-47DC-92E3-794D641061C8}.Release|Any CPU.ActiveCfg = Release|Any CPU
		{527D2B3D-EAD2-47DC-92E3-794D641061C8}.Release|Any CPU.Build.0 = Release|Any CPU
		{BCAE134A-6641-4977-9694-CD94A6F3D6A9}.Debug|Any CPU.ActiveCfg = Debug|Any CPU
		{BCAE134A-6641-4977-9694-CD94A6F3D6A9}.Debug|Any CPU.Build.0 = Debug|Any CPU
		{BCAE134A-6641-4977-9694-CD94A6F3D6A9}.Release|Any CPU.ActiveCfg = Release|Any CPU
		{BCAE134A-6641-4977-9694-CD94A6F3D6A9}.Release|Any CPU.Build.0 = Release|Any CPU
		{30423D6E-D1F2-4099-A3D7-EDAF5E4A8B2F}.Debug|Any CPU.ActiveCfg = Debug|Any CPU
		{30423D6E-D1F2-4099-A3D7-EDAF5E4A8B2F}.Debug|Any CPU.Build.0 = Debug|Any CPU
		{30423D6E-D1F2-4099-A3D7-EDAF5E4A8B2F}.Release|Any CPU.ActiveCfg = Release|Any CPU
		{30423D6E-D1F2-4099-A3D7-EDAF5E4A8B2F}.Release|Any CPU.Build.0 = Release|Any CPU
	EndGlobalSection
	GlobalSection(SolutionProperties) = preSolution
		HideSolutionNode = FALSE
	EndGlobalSection
	GlobalSection(ExtensibilityGlobals) = postSolution
		SolutionGuid = {94EBADC8-BD08-485B-98E1-0C01F2FB5634}
	EndGlobalSection
EndGlobal
